
Microsoft Visual Studio Solution File, Format Version 12.00
# Visual Studio Version 17
VisualStudioVersion = 17.7.34024.191
MinimumVisualStudioVersion = 10.0.40219.1
Project("{FAE04EC0-301F-11D3-BF4B-00C04F79EFBC}") = "Minimal_API_SQL_SERVER", "Minimal_API_SQL_SERVER\Minimal_API_SQL_SERVER.csproj", "{7682B439-EDEF-44D0-9109-9C3E0501F896}"
EndProject
Global
	GlobalSection(SolutionConfigurationPlatforms) = preSolution
		Debug|Any CPU = Debug|Any CPU
		Release|Any CPU = Release|Any CPU
	EndGlobalSection
	GlobalSection(ProjectConfigurationPlatforms) = postSolution
		{7682B439-EDEF-44D0-9109-9C3E0501F896}.Debug|Any CPU.ActiveCfg = Debug|Any CPU
		{7682B439-EDEF-44D0-9109-9C3E0501F896}.Debug|Any CPU.Build.0 = Debug|Any CPU
		{7682B439-EDEF-44D0-9109-9C3E0501F896}.Release|Any CPU.ActiveCfg = Release|Any CPU
		{7682B439-EDEF-44D0-9109-9C3E0501F896}.Release|Any CPU.Build.0 = Release|Any CPU
	EndGlobalSection
	GlobalSection(SolutionProperties) = preSolution
		HideSolutionNode = FALSE
	EndGlobalSection
	GlobalSection(ExtensibilityGlobals) = postSolution
		SolutionGuid = {C3E04551-071F-4C19-9843-E09DD5E38BCE}
	EndGlobalSection
EndGlobal
